
Microsoft Visual Studio Solution File, Format Version 12.00
# Visual Studio 15
VisualStudioVersion = 15.0.28307.271
MinimumVisualStudioVersion = 10.0.40219.1
Project("{FAE04EC0-301F-11D3-BF4B-00C04F79EFBC}") = "RestaurantManagementISC", "RestaurantManagementISC\RestaurantManagementISC.csproj", "{682F3BB0-9652-48A1-9491-469496441648}"
EndProject
Global
	GlobalSection(SolutionConfigurationPlatforms) = preSolution
		Debug|Any CPU = Debug|Any CPU
		Release|Any CPU = Release|Any CPU
	EndGlobalSection
	GlobalSection(ProjectConfigurationPlatforms) = postSolution
		{682F3BB0-9652-48A1-9491-469496441648}.Debug|Any CPU.ActiveCfg = Debug|Any CPU
		{682F3BB0-9652-48A1-9491-469496441648}.Debug|Any CPU.Build.0 = Debug|Any CPU
		{682F3BB0-9652-48A1-9491-469496441648}.Release|Any CPU.ActiveCfg = Release|Any CPU
		{682F3BB0-9652-48A1-9491-469496441648}.Release|Any CPU.Build.0 = Release|Any CPU
	EndGlobalSection
	GlobalSection(SolutionProperties) = preSolution
		HideSolutionNode = FALSE
	EndGlobalSection
	GlobalSection(ExtensibilityGlobals) = postSolution
		SolutionGuid = {DDED841F-94E3-4743-A07B-62A0CF3FCB0F}
	EndGlobalSection
EndGlobal
